
Microsoft Visual Studio Solution File, Format Version 12.00
# Visual Studio Version 17
VisualStudioVersion = 17.12.35707.178
MinimumVisualStudioVersion = 10.0.40219.1
Project("{FAE04EC0-301F-11D3-BF4B-00C04F79EFBC}") = "Cancer-Detection", "Cancer-Detection\Cancer-Detection.csproj", "{53DAF3DA-9612-4AD4-8560-03EFA88E6060}"
EndProject
Project("{FAE04EC0-301F-11D3-BF4B-00C04F79EFBC}") = "Domain", "Domain-Layer\Domain.csproj", "{4D499AFE-FE04-431E-971D-DEEDDE635B67}"
EndProject
Project("{FAE04EC0-301F-11D3-BF4B-00C04F79EFBC}") = "Services", "Service-Layer\Services.csproj", "{50A0E703-2E60-4BB8-8092-512C1BCD4BE6}"
EndProject
Project("{2150E333-8FDC-42A3-9474-1A3956D46DE8}") = "Core", "Core", "{E12AA924-5779-4B71-BF24-59086B811874}"
EndProject
Project("{FAE04EC0-301F-11D3-BF4B-00C04F79EFBC}") = "Services-abstraction", "Service-abstraction\Services-abstraction.csproj", "{DBA2B529-1B97-4488-8551-563EC0654CA8}"
EndProject
Project("{2150E333-8FDC-42A3-9474-1A3956D46DE8}") = "Infrastructure", "Infrastructure", "{27822BB3-8E05-4BB5-BC95-CCBF57DDD05B}"
EndProject
Project("{FAE04EC0-301F-11D3-BF4B-00C04F79EFBC}") = "Persistence", "Persistence\Persistence.csproj", "{F9FC3378-C1BD-431E-9EDE-BB11007D223E}"
EndProject
Project("{FAE04EC0-301F-11D3-BF4B-00C04F79EFBC}") = "Presentation", "Presentation\Presentation.csproj", "{4FD8B6CB-5B6A-4734-8D9A-D944FEFC523A}"
EndProject
Project("{FAE04EC0-301F-11D3-BF4B-00C04F79EFBC}") = "Shared", "Shared\Shared.csproj", "{5B507ECC-2D76-4801-B210-0E2CBB09C2B3}"
EndProject
Global
	GlobalSection(SolutionConfigurationPlatforms) = preSolution
		Debug|Any CPU = Debug|Any CPU
		Release|Any CPU = Release|Any CPU
	EndGlobalSection
	GlobalSection(ProjectConfigurationPlatforms) = postSolution
		{53DAF3DA-9612-4AD4-8560-03EFA88E6060}.Debug|Any CPU.ActiveCfg = Debug|Any CPU
		{53DAF3DA-9612-4AD4-8560-03EFA88E6060}.Debug|Any CPU.Build.0 = Debug|Any CPU
		{53DAF3DA-9612-4AD4-8560-03EFA88E6060}.Release|Any CPU.ActiveCfg = Release|Any CPU
		{53DAF3DA-9612-4AD4-8560-03EFA88E6060}.Release|Any CPU.Build.0 = Release|Any CPU
		{4D499AFE-FE04-431E-971D-DEEDDE635B67}.Debug|Any CPU.ActiveCfg = Debug|Any CPU
		{4D499AFE-FE04-431E-971D-DEEDDE635B67}.Debug|Any CPU.Build.0 = Debug|Any CPU
		{4D499AFE-FE04-431E-971D-DEEDDE635B67}.Release|Any CPU.ActiveCfg = Release|Any CPU
		{4D499AFE-FE04-431E-971D-DEEDDE635B67}.Release|Any CPU.Build.0 = Release|Any CPU
		{50A0E703-2E60-4BB8-8092-512C1BCD4BE6}.Debug|Any CPU.ActiveCfg = Debug|Any CPU
		{50A0E703-2E60-4BB8-8092-512C1BCD4BE6}.Debug|Any CPU.Build.0 = Debug|Any CPU
		{50A0E703-2E60-4BB8-8092-512C1BCD4BE6}.Release|Any CPU.ActiveCfg = Release|Any CPU
		{50A0E703-2E60-4BB8-8092-512C1BCD4BE6}.Release|Any CPU.Build.0 = Release|Any CPU
		{DBA2B529-1B97-4488-8551-563EC0654CA8}.Debug|Any CPU.ActiveCfg = Debug|Any CPU
		{DBA2B529-1B97-4488-8551-563EC0654CA8}.Debug|Any CPU.Build.0 = Debug|Any CPU
		{DBA2B529-1B97-4488-8551-563EC0654CA8}.Release|Any CPU.ActiveCfg = Release|Any CPU
		{DBA2B529-1B97-4488-8551-563EC0654CA8}.Release|Any CPU.Build.0 = Release|Any CPU
		{F9FC3378-C1BD-431E-9EDE-BB11007D223E}.Debug|Any CPU.ActiveCfg = Debug|Any CPU
		{F9FC3378-C1BD-431E-9EDE-BB11007D223E}.Debug|Any CPU.Build.0 = Debug|Any CPU
		{F9FC3378-C1BD-431E-9EDE-BB11007D223E}.Release|Any CPU.ActiveCfg = Release|Any CPU
		{F9FC3378-C1BD-431E-9EDE-BB11007D223E}.Release|Any CPU.Build.0 = Release|Any CPU
		{4FD8B6CB-5B6A-4734-8D9A-D944FEFC523A}.Debug|Any CPU.ActiveCfg = Debug|Any CPU
		{4FD8B6CB-5B6A-4734-8D9A-D944FEFC523A}.Debug|Any CPU.Build.0 = Debug|Any CPU
		{4FD8B6CB-5B6A-4734-8D9A-D944FEFC523A}.Release|Any CPU.ActiveCfg = Release|Any CPU
		{4FD8B6CB-5B6A-4734-8D9A-D944FEFC523A}.Release|Any CPU.Build.0 = Release|Any CPU
		{5B507ECC-2D76-4801-B210-0E2CBB09C2B3}.Debug|Any CPU.ActiveCfg = Debug|Any CPU
		{5B507ECC-2D76-4801-B210-0E2CBB09C2B3}.Debug|Any CPU.Build.0 = Debug|Any CPU
		{5B507ECC-2D76-4801-B210-0E2CBB09C2B3}.Release|Any CPU.ActiveCfg = Release|Any CPU
		{5B507ECC-2D76-4801-B210-0E2CBB09C2B3}.Release|Any CPU.Build.0 = Release|Any CPU
	EndGlobalSection
	GlobalSection(SolutionProperties) = preSolution
		HideSolutionNode = FALSE
	EndGlobalSection
	GlobalSection(NestedProjects) = preSolution
		{4D499AFE-FE04-431E-971D-DEEDDE635B67} = {E12AA924-5779-4B71-BF24-59086B811874}
		{50A0E703-2E60-4BB8-8092-512C1BCD4BE6} = {E12AA924-5779-4B71-BF24-59086B811874}
		{DBA2B529-1B97-4488-8551-563EC0654CA8} = {E12AA924-5779-4B71-BF24-59086B811874}
		{F9FC3378-C1BD-431E-9EDE-BB11007D223E} = {27822BB3-8E05-4BB5-BC95-CCBF57DDD05B}
		{4FD8B6CB-5B6A-4734-8D9A-D944FEFC523A} = {27822BB3-8E05-4BB5-BC95-CCBF57DDD05B}
	EndGlobalSection
EndGlobal
